
Microsoft Visual Studio Solution File, Format Version 12.00
# Visual Studio 15
VisualStudioVersion = 15.0.27004.2006
MinimumVisualStudioVersion = 10.0.40219.1
Project("{FAE04EC0-301F-11D3-BF4B-00C04F79EFBC}") = "Web.Core", "Web.Core\Web.Core.csproj", "{544FD179-C8D6-4DDE-BF7F-88F4A55AEC9E}"
EndProject
Project("{FAE04EC0-301F-11D3-BF4B-00C04F79EFBC}") = "Web.Core.Framework", "Web.Core.Framework\Web.Core.Framework.csproj", "{67FAC5D0-F3AC-4B28-975E-4ADB6D7A1C82}"
EndProject
Project("{FAE04EC0-301F-11D3-BF4B-00C04F79EFBC}") = "Web.HRM", "Web.HRM\Web.HRM.csproj", "{9C2C1C4E-5D75-4D5A-B34A-4E59C5A70613}"
EndProject
Global
	GlobalSection(SolutionConfigurationPlatforms) = preSolution
		Debug|Any CPU = Debug|Any CPU
		Release|Any CPU = Release|Any CPU
	EndGlobalSection
	GlobalSection(ProjectConfigurationPlatforms) = postSolution
		{544FD179-C8D6-4DDE-BF7F-88F4A55AEC9E}.Debug|Any CPU.ActiveCfg = Debug|Any CPU
		{544FD179-C8D6-4DDE-BF7F-88F4A55AEC9E}.Debug|Any CPU.Build.0 = Debug|Any CPU
		{544FD179-C8D6-4DDE-BF7F-88F4A55AEC9E}.Release|Any CPU.ActiveCfg = Release|Any CPU
		{544FD179-C8D6-4DDE-BF7F-88F4A55AEC9E}.Release|Any CPU.Build.0 = Release|Any CPU
		{67FAC5D0-F3AC-4B28-975E-4ADB6D7A1C82}.Debug|Any CPU.ActiveCfg = Debug|Any CPU
		{67FAC5D0-F3AC-4B28-975E-4ADB6D7A1C82}.Debug|Any CPU.Build.0 = Debug|Any CPU
		{67FAC5D0-F3AC-4B28-975E-4ADB6D7A1C82}.Release|Any CPU.ActiveCfg = Release|Any CPU
		{67FAC5D0-F3AC-4B28-975E-4ADB6D7A1C82}.Release|Any CPU.Build.0 = Release|Any CPU
		{9C2C1C4E-5D75-4D5A-B34A-4E59C5A70613}.Debug|Any CPU.ActiveCfg = Debug|Any CPU
		{9C2C1C4E-5D75-4D5A-B34A-4E59C5A70613}.Debug|Any CPU.Build.0 = Debug|Any CPU
		{9C2C1C4E-5D75-4D5A-B34A-4E59C5A70613}.Release|Any CPU.ActiveCfg = Release|Any CPU
		{9C2C1C4E-5D75-4D5A-B34A-4E59C5A70613}.Release|Any CPU.Build.0 = Release|Any CPU
	EndGlobalSection
	GlobalSection(SolutionProperties) = preSolution
		HideSolutionNode = FALSE
	EndGlobalSection
	GlobalSection(ExtensibilityGlobals) = postSolution
		SolutionGuid = {179F48D1-BCDB-47A6-83C2-A690CDB0BCDC}
	EndGlobalSection
EndGlobal
